
Microsoft Visual Studio Solution File, Format Version 12.00
# Visual Studio Version 17
VisualStudioVersion = 17.7.34009.444
MinimumVisualStudioVersion = 10.0.40219.1
Project("{2150E333-8FDC-42A3-9474-1A3956D46DE8}") = "FrontEnd", "FrontEnd", "{7E77DFEC-BE22-45FC-97DE-1B477AF7F2F0}"
EndProject
Project("{2150E333-8FDC-42A3-9474-1A3956D46DE8}") = "Gateway", "Gateway", "{D99801F9-49CD-4D78-B03A-070D7F09958D}"
EndProject
Project("{2150E333-8FDC-42A3-9474-1A3956D46DE8}") = "Integration", "Integration", "{BBBCD996-DE0D-4AFD-9EA1-3BFA34AD4F01}"
EndProject
Project("{2150E333-8FDC-42A3-9474-1A3956D46DE8}") = "Services", "Services", "{4CE4B9BC-B1D6-4791-831A-8735DE30899F}"
EndProject
Project("{9A19103F-16F7-4668-BE54-9A1E7A4F7556}") = "Mango.Services.CouponAPI", "Mango.Service.CouponAPI\Mango.Services.CouponAPI.csproj", "{F9FF3FA9-6D26-47C4-9A8C-106233B9F60D}"
EndProject
Project("{9A19103F-16F7-4668-BE54-9A1E7A4F7556}") = "Mango.Web", "Mango.Web\Mango.Web.csproj", "{71B59557-2A8F-45E8-98F8-23DFB70433DD}"
EndProject
Project("{FAE04EC0-301F-11D3-BF4B-00C04F79EFBC}") = "Mango.Services.AuthAPI", "Mango.Services.AuthAPI\Mango.Services.AuthAPI.csproj", "{199AB68C-B78A-40AD-AAD5-B8E70148B1CD}"
EndProject
Global
	GlobalSection(SolutionConfigurationPlatforms) = preSolution
		Debug|Any CPU = Debug|Any CPU
		Release|Any CPU = Release|Any CPU
	EndGlobalSection
	GlobalSection(ProjectConfigurationPlatforms) = postSolution
		{F9FF3FA9-6D26-47C4-9A8C-106233B9F60D}.Debug|Any CPU.ActiveCfg = Debug|Any CPU
		{F9FF3FA9-6D26-47C4-9A8C-106233B9F60D}.Debug|Any CPU.Build.0 = Debug|Any CPU
		{F9FF3FA9-6D26-47C4-9A8C-106233B9F60D}.Release|Any CPU.ActiveCfg = Release|Any CPU
		{F9FF3FA9-6D26-47C4-9A8C-106233B9F60D}.Release|Any CPU.Build.0 = Release|Any CPU
		{71B59557-2A8F-45E8-98F8-23DFB70433DD}.Debug|Any CPU.ActiveCfg = Debug|Any CPU
		{71B59557-2A8F-45E8-98F8-23DFB70433DD}.Debug|Any CPU.Build.0 = Debug|Any CPU
		{71B59557-2A8F-45E8-98F8-23DFB70433DD}.Release|Any CPU.ActiveCfg = Release|Any CPU
		{71B59557-2A8F-45E8-98F8-23DFB70433DD}.Release|Any CPU.Build.0 = Release|Any CPU
		{199AB68C-B78A-40AD-AAD5-B8E70148B1CD}.Debug|Any CPU.ActiveCfg = Debug|Any CPU
		{199AB68C-B78A-40AD-AAD5-B8E70148B1CD}.Debug|Any CPU.Build.0 = Debug|Any CPU
		{199AB68C-B78A-40AD-AAD5-B8E70148B1CD}.Release|Any CPU.ActiveCfg = Release|Any CPU
		{199AB68C-B78A-40AD-AAD5-B8E70148B1CD}.Release|Any CPU.Build.0 = Release|Any CPU
	EndGlobalSection
	GlobalSection(SolutionProperties) = preSolution
		HideSolutionNode = FALSE
	EndGlobalSection
	GlobalSection(NestedProjects) = preSolution
		{F9FF3FA9-6D26-47C4-9A8C-106233B9F60D} = {4CE4B9BC-B1D6-4791-831A-8735DE30899F}
		{71B59557-2A8F-45E8-98F8-23DFB70433DD} = {7E77DFEC-BE22-45FC-97DE-1B477AF7F2F0}
		{199AB68C-B78A-40AD-AAD5-B8E70148B1CD} = {4CE4B9BC-B1D6-4791-831A-8735DE30899F}
	EndGlobalSection
	GlobalSection(ExtensibilityGlobals) = postSolution
		SolutionGuid = {9617259F-0BB7-499D-8CD4-C9F31A852799}
	EndGlobalSection
EndGlobal
